// !$*UTF8*$!
{
	archiveVersion = 1;
	classes = {
	};
	objectVersion = 56;
	objects = {

/* Begin PBXBuildFile section */
		1161C77A2BCBF2DB00C75AC0 /* AppDelegate.swift in Sources */ = {isa = PBXBuildFile; fileRef = 1161C7792BCBF2DB00C75AC0 /* AppDelegate.swift */; };
		1161C77C2BCBF2DB00C75AC0 /* SceneDelegate.swift in Sources */ = {isa = PBXBuildFile; fileRef = 1161C77B2BCBF2DB00C75AC0 /* SceneDelegate.swift */; };
		1161C77E2BCBF2DB00C75AC0 /* ViewController.swift in Sources */ = {isa = PBXBuildFile; fileRef = 1161C77D2BCBF2DB00C75AC0 /* ViewController.swift */; };
		1161C7812BCBF2DB00C75AC0 /* Base in Resources */ = {isa = PBXBuildFile; fileRef = 1161C7802BCBF2DB00C75AC0 /* Base */; };
		1161C7832BCBF2DC00C75AC0 /* Assets.xcassets in Resources */ = {isa = PBXBuildFile; fileRef = 1161C7822BCBF2DC00C75AC0 /* Assets.xcassets */; };
		1161C7862BCBF2DC00C75AC0 /* Base in Resources */ = {isa = PBXBuildFile; fileRef = 1161C7852BCBF2DC00C75AC0 /* Base */; };
		1161C7912BCBF2DC00C75AC0 /* fsdafsadTests.swift in Sources */ = {isa = PBXBuildFile; fileRef = 1161C7902BCBF2DC00C75AC0 /* fsdafsadTests.swift */; };
		1161C79B2BCBF2DC00C75AC0 /* fsdafsadUITests.swift in Sources */ = {isa = PBXBuildFile; fileRef = 1161C79A2BCBF2DC00C75AC0 /* fsdafsadUITests.swift */; };
		1161C79D2BCBF2DC00C75AC0 /* fsdafsadUITestsLaunchTests.swift in Sources */ = {isa = PBXBuildFile; fileRef = 1161C79C2BCBF2DC00C75AC0 /* fsdafsadUITestsLaunchTests.swift */; };
/* End PBXBuildFile section */

/* Begin PBXContainerItemProxy section */
		1161C78D2BCBF2DC00C75AC0 /* PBXContainerItemProxy */ = {
			isa = PBXContainerItemProxy;
			containerPortal = 1161C76E2BCBF2DB00C75AC0 /* Project object */;
			proxyType = 1;
			remoteGlobalIDString = 1161C7752BCBF2DB00C75AC0;
			remoteInfo = fsdafsad;
		};
		1161C7972BCBF2DC00C75AC0 /* PBXContainerItemProxy */ = {
			isa = PBXContainerItemProxy;
			containerPortal = 1161C76E2BCBF2DB00C75AC0 /* Project object */;
			proxyType = 1;
			remoteGlobalIDString = 1161C7752BCBF2DB00C75AC0;
			remoteInfo = fsdafsad;
		};
/* End PBXContainerItemProxy section */

/* Begin PBXFileReference section */
		1161C7762BCBF2DB00C75AC0 /* fsdafsad.app */ = {isa = PBXFileReference; explicitFileType = wrapper.application; includeInIndex = 0; path = fsdafsad.app; sourceTree = BUILT_PRODUCTS_DIR; };
		1161C7792BCBF2DB00C75AC0 /* AppDelegate.swift */ = {isa = PBXFileReference; lastKnownFileType = sourcecode.swift; path = AppDelegate.swift; sourceTree = "<group>"; };
		1161C77B2BCBF2DB00C75AC0 /* SceneDelegate.swift */ = {isa = PBXFileReference; lastKnownFileType = sourcecode.swift; path = SceneDelegate.swift; sourceTree = "<group>"; };
		1161C77D2BCBF2DB00C75AC0 /* ViewController.swift */ = {isa = PBXFileReference; lastKnownFileType = sourcecode.swift; path = ViewController.swift; sourceTree = "<group>"; };
		1161C7802BCBF2DB00C75AC0 /* Base */ = {isa = PBXFileReference; lastKnownFileType = file.storyboard; name = Base; path = Base.lproj/Main.storyboard; sourceTree = "<group>"; };
		1161C7822BCBF2DC00C75AC0 /* Assets.xcassets */ = {isa = PBXFileReference; lastKnownFileType = folder.assetcatalog; path = Assets.xcassets; sourceTree = "<group>"; };
		1161C7852BCBF2DC00C75AC0 /* Base */ = {isa = PBXFileReference; lastKnownFileType = file.storyboard; name = Base; path = Base.lproj/LaunchScreen.storyboard; sourceTree = "<group>"; };
		1161C7872BCBF2DC00C75AC0 /* Info.plist */ = {isa = PBXFileReference; lastKnownFileType = text.plist.xml; path = Info.plist; sourceTree = "<group>"; };
		1161C78C2BCBF2DC00C75AC0 /* fsdafsadTests.xctest */ = {isa = PBXFileReference; explicitFileType = wrapper.cfbundle; includeInIndex = 0; path = fsdafsadTests.xctest; sourceTree = BUILT_PRODUCTS_DIR; };
		1161C7902BCBF2DC00C75AC0 /* fsdafsadTests.swift */ = {isa = PBXFileReference; lastKnownFileType = sourcecode.swift; path = fsdafsadTests.swift; sourceTree = "<group>"; };
		1161C7962BCBF2DC00C75AC0 /* fsdafsadUITests.xctest */ = {isa = PBXFileReference; explicitFileType = wrapper.cfbundle; includeInIndex = 0; path = fsdafsadUITests.xctest; sourceTree = BUILT_PRODUCTS_DIR; };
		1161C79A2BCBF2DC00C75AC0 /* fsdafsadUITests.swift */ = {isa = PBXFileReference; lastKnownFileType = sourcecode.swift; path = fsdafsadUITests.swift; sourceTree = "<group>"; };
		1161C79C2BCBF2DC00C75AC0 /* fsdafsadUITestsLaunchTests.swift */ = {isa = PBXFileReference; lastKnownFileType = sourcecode.swift; path = fsdafsadUITestsLaunchTests.swift; sourceTree = "<group>"; };
/* End PBXFileReference section */

/* Begin PBXFrameworksBuildPhase section */
		1161C7732BCBF2DB00C75AC0 /* Frameworks */ = {
			isa = PBXFrameworksBuildPhase;
			buildActionMask = 2147483647;
			files = (
			);
			runOnlyForDeploymentPostprocessing = 0;
		};
		1161C7892BCBF2DC00C75AC0 /* Frameworks */ = {
			isa = PBXFrameworksBuildPhase;
			buildActionMask = 2147483647;
			files = (
			);
			runOnlyForDeploymentPostprocessing = 0;
		};
		1161C7932BCBF2DC00C75AC0 /* Frameworks */ = {
			isa = PBXFrameworksBuildPhase;
			buildActionMask = 2147483647;
			files = (
			);
			runOnlyForDeploymentPostprocessing = 0;
		};
/* End PBXFrameworksBuildPhase section */

/* Begin PBXGroup section */
		1161C76D2BCBF2DB00C75AC0 = {
			isa = PBXGroup;
			children = (
				1161C7782BCBF2DB00C75AC0 /* fsdafsad */,
				1161C78F2BCBF2DC00C75AC0 /* fsdafsadTests */,
				1161C7992BCBF2DC00C75AC0 /* fsdafsadUITests */,
				1161C7772BCBF2DB00C75AC0 /* Products */,
			);
			sourceTree = "<group>";
		};
		1161C7772BCBF2DB00C75AC0 /* Products */ = {
			isa = PBXGroup;
			children = (
				1161C7762BCBF2DB00C75AC0 /* fsdafsad.app */,
				1161C78C2BCBF2DC00C75AC0 /* fsdafsadTests.xctest */,
				1161C7962BCBF2DC00C75AC0 /* fsdafsadUITests.xctest */,
			);
			name = Products;
			sourceTree = "<group>";
		};
		1161C7782BCBF2DB00C75AC0 /* fsdafsad */ = {
			isa = PBXGroup;
			children = (
				1161C7792BCBF2DB00C75AC0 /* AppDelegate.swift */,
				1161C77B2BCBF2DB00C75AC0 /* SceneDelegate.swift */,
				1161C77D2BCBF2DB00C75AC0 /* ViewController.swift */,
				1161C77F2BCBF2DB00C75AC0 /* Main.storyboard */,
				1161C7822BCBF2DC00C75AC0 /* Assets.xcassets */,
				1161C7842BCBF2DC00C75AC0 /* LaunchScreen.storyboard */,
				1161C7872BCBF2DC00C75AC0 /* Info.plist */,
			);
			path = fsdafsad;
			sourceTree = "<group>";
		};
		1161C78F2BCBF2DC00C75AC0 /* fsdafsadTests */ = {
			isa = PBXGroup;
			children = (
				1161C7902BCBF2DC00C75AC0 /* fsdafsadTests.swift */,
			);
			path = fsdafsadTests;
			sourceTree = "<group>";
		};
		1161C7992BCBF2DC00C75AC0 /* fsdafsadUITests */ = {
			isa = PBXGroup;
			children = (
				1161C79A2BCBF2DC00C75AC0 /* fsdafsadUITests.swift */,
				1161C79C2BCBF2DC00C75AC0 /* fsdafsadUITestsLaunchTests.swift */,
			);
			path = fsdafsadUITests;
			sourceTree = "<group>";
		};
/* End PBXGroup section */

/* Begin PBXNativeTarget section */
		1161C7752BCBF2DB00C75AC0 /* fsdafsad */ = {
			isa = PBXNativeTarget;
			buildConfigurationList = 1161C7A02BCBF2DC00C75AC0 /* Build configuration list for PBXNativeTarget "fsdafsad" */;
			buildPhases = (
				1161C7722BCBF2DB00C75AC0 /* Sources */,
				1161C7732BCBF2DB00C75AC0 /* Frameworks */,
				1161C7742BCBF2DB00C75AC0 /* Resources */,
			);
			buildRules = (
			);
			dependencies = (
			);
			name = fsdafsad;
			productName = fsdafsad;
			productReference = 1161C7762BCBF2DB00C75AC0 /* fsdafsad.app */;
			productType = "com.apple.product-type.application";
		};
		1161C78B2BCBF2DC00C75AC0 /* fsdafsadTests */ = {
			isa = PBXNativeTarget;
			buildConfigurationList = 1161C7A32BCBF2DC00C75AC0 /* Build configuration list for PBXNativeTarget "fsdafsadTests" */;
			buildPhases = (
				1161C7882BCBF2DC00C75AC0 /* Sources */,
				1161C7892BCBF2DC00C75AC0 /* Frameworks */,
				1161C78A2BCBF2DC00C75AC0 /* Resources */,
			);
			buildRules = (
			);
			dependencies = (
				1161C78E2BCBF2DC00C75AC0 /* PBXTargetDependency */,
			);
			name = fsdafsadTests;
			productName = fsdafsadTests;
			productReference = 1161C78C2BCBF2DC00C75AC0 /* fsdafsadTests.xctest */;
			productType = "com.apple.product-type.bundle.unit-test";
		};
		1161C7952BCBF2DC00C75AC0 /* fsdafsadUITests */ = {
			isa = PBXNativeTarget;
			buildConfigurationList = 1161C7A62BCBF2DC00C75AC0 /* Build configuration list for PBXNativeTarget "fsdafsadUITests" */;
			buildPhases = (
				1161C7922BCBF2DC00C75AC0 /* Sources */,
				1161C7932BCBF2DC00C75AC0 /* Frameworks */,
				1161C7942BCBF2DC00C75AC0 /* Resources */,
			);
			buildRules = (
			);
			dependencies = (
				1161C7982BCBF2DC00C75AC0 /* PBXTargetDependency */,
			);
			name = fsdafsadUITests;
			productName = fsdafsadUITests;
			productReference = 1161C7962BCBF2DC00C75AC0 /* fsdafsadUITests.xctest */;
			productType = "com.apple.product-type.bundle.ui-testing";
		};
/* End PBXNativeTarget section */

/* Begin PBXProject section */
		1161C76E2BCBF2DB00C75AC0 /* Project object */ = {
			isa = PBXProject;
			attributes = {
				BuildIndependentTargetsInParallel = 1;
				LastSwiftUpdateCheck = 1530;
				LastUpgradeCheck = 1530;
				TargetAttributes = {
					1161C7752BCBF2DB00C75AC0 = {
						CreatedOnToolsVersion = 15.3;
					};
					1161C78B2BCBF2DC00C75AC0 = {
						CreatedOnToolsVersion = 15.3;
						TestTargetID = 1161C7752BCBF2DB00C75AC0;
					};
					1161C7952BCBF2DC00C75AC0 = {
						CreatedOnToolsVersion = 15.3;
						TestTargetID = 1161C7752BCBF2DB00C75AC0;
					};
				};
			};
			buildConfigurationList = 1161C7712BCBF2DB00C75AC0 /* Build configuration list for PBXProject "fsdafsad" */;
			compatibilityVersion = "Xcode 14.0";
			developmentRegion = en;
			hasScannedForEncodings = 0;
			knownRegions = (
				en,
				Base,
			);
			mainGroup = 1161C76D2BCBF2DB00C75AC0;
			productRefGroup = 1161C7772BCBF2DB00C75AC0 /* Products */;
			projectDirPath = "";
			projectRoot = "";
			targets = (
				1161C7752BCBF2DB00C75AC0 /* fsdafsad */,
				1161C78B2BCBF2DC00C75AC0 /* fsdafsadTests */,
				1161C7952BCBF2DC00C75AC0 /* fsdafsadUITests */,
			);
		};
/* End PBXProject section */

/* Begin PBXResourcesBuildPhase section */
		1161C7742BCBF2DB00C75AC0 /* Resources */ = {
			isa = PBXResourcesBuildPhase;
			buildActionMask = 2147483647;
			files = (
				1161C7832BCBF2DC00C75AC0 /* Assets.xcassets in Resources */,
				1161C7862BCBF2DC00C75AC0 /* Base in Resources */,
				1161C7812BCBF2DB00C75AC0 /* Base in Resources */,
			);
			runOnlyForDeploymentPostprocessing = 0;
		};
		1161C78A2BCBF2DC00C75AC0 /* Resources */ = {
			isa = PBXResourcesBuildPhase;
			buildActionMask = 2147483647;
			files = (
			);
			runOnlyForDeploymentPostprocessing = 0;
		};
		1161C7942BCBF2DC00C75AC0 /* Resources */ = {
			isa = PBXResourcesBuildPhase;
			buildActionMask = 2147483647;
			files = (
			);
			runOnlyForDeploymentPostprocessing = 0;
		};
/* End PBXResourcesBuildPhase section */

/* Begin PBXSourcesBuildPhase section */
		1161C7722BCBF2DB00C75AC0 /* Sources */ = {
			isa = PBXSourcesBuildPhase;
			buildActionMask = 2147483647;
			files = (
				1161C77E2BCBF2DB00C75AC0 /* ViewController.swift in Sources */,
				1161C77A2BCBF2DB00C75AC0 /* AppDelegate.swift in Sources */,
				1161C77C2BCBF2DB00C75AC0 /* SceneDelegate.swift in Sources */,
			);
			runOnlyForDeploymentPostprocessing = 0;
		};
		1161C7882BCBF2DC00C75AC0 /* Sources */ = {
			isa = PBXSourcesBuildPhase;
			buildActionMask = 2147483647;
			files = (
				1161C7912BCBF2DC00C75AC0 /* fsdafsadTests.swift in Sources */,
			);
			runOnlyForDeploymentPostprocessing = 0;
		};
		1161C7922BCBF2DC00C75AC0 /* Sources */ = {
			isa = PBXSourcesBuildPhase;
			buildActionMask = 2147483647;
			files = (
				1161C79D2BCBF2DC00C75AC0 /* fsdafsadUITestsLaunchTests.swift in Sources */,
				1161C79B2BCBF2DC00C75AC0 /* fsdafsadUITests.swift in Sources */,
			);
			runOnlyForDeploymentPostprocessing = 0;
		};
/* End PBXSourcesBuildPhase section */

/* Begin PBXTargetDependency section */
		1161C78E2BCBF2DC00C75AC0 /* PBXTargetDependency */ = {
			isa = PBXTargetDependency;
			target = 1161C7752BCBF2DB00C75AC0 /* fsdafsad */;
			targetProxy = 1161C78D2BCBF2DC00C75AC0 /* PBXContainerItemProxy */;
		};
		1161C7982BCBF2DC00C75AC0 /* PBXTargetDependency */ = {
			isa = PBXTargetDependency;
			target = 1161C7752BCBF2DB00C75AC0 /* fsdafsad */;
			targetProxy = 1161C7972BCBF2DC00C75AC0 /* PBXContainerItemProxy */;
		};
/* End PBXTargetDependency section */

/* Begin PBXVariantGroup section */
		1161C77F2BCBF2DB00C75AC0 /* Main.storyboard */ = {
			isa = PBXVariantGroup;
			children = (
				1161C7802BCBF2DB00C75AC0 /* Base */,
			);
			name = Main.storyboard;
			sourceTree = "<group>";
		};
		1161C7842BCBF2DC00C75AC0 /* LaunchScreen.storyboard */ = {
			isa = PBXVariantGroup;
			children = (
				1161C7852BCBF2DC00C75AC0 /* Base */,
			);
			name = LaunchScreen.storyboard;
			sourceTree = "<group>";
		};
/* End PBXVariantGroup section */

/* Begin XCBuildConfiguration section */
		1161C79E2BCBF2DC00C75AC0 /* Debug */ = {
			isa = XCBuildConfiguration;
			buildSettings = {
				ALWAYS_SEARCH_USER_PATHS = NO;
				ASSETCATALOG_COMPILER_GENERATE_SWIFT_ASSET_SYMBOL_EXTENSIONS = YES;
				CLANG_ANALYZER_NONNULL = YES;
				CLANG_ANALYZER_NUMBER_OBJECT_CONVERSION = YES_AGGRESSIVE;
				CLANG_CXX_LANGUAGE_STANDARD = "gnu++20";
				CLANG_ENABLE_MODULES = YES;
				CLANG_ENABLE_OBJC_ARC = YES;
				CLANG_ENABLE_OBJC_WEAK = YES;
				CLANG_WARN_BLOCK_CAPTURE_AUTORELEASING = YES;
				CLANG_WARN_BOOL_CONVERSION = YES;
				CLANG_WARN_COMMA = YES;
				CLANG_WARN_CONSTANT_CONVERSION = YES;
				CLANG_WARN_DEPRECATED_OBJC_IMPLEMENTATIONS = YES;
				CLANG_WARN_DIRECT_OBJC_ISA_USAGE = YES_ERROR;
				CLANG_WARN_DOCUMENTATION_COMMENTS = YES;
				CLANG_WARN_EMPTY_BODY = YES;
				CLANG_WARN_ENUM_CONVERSION = YES;
				CLANG_WARN_INFINITE_RECURSION = YES;
				CLANG_WARN_INT_CONVERSION = YES;
				CLANG_WARN_NON_LITERAL_NULL_CONVERSION = YES;
				CLANG_WARN_OBJC_IMPLICIT_RETAIN_SELF = YES;
				CLANG_WARN_OBJC_LITERAL_CONVERSION = YES;
				CLANG_WARN_OBJC_ROOT_CLASS = YES_ERROR;
				CLANG_WARN_QUOTED_INCLUDE_IN_FRAMEWORK_HEADER = YES;
				CLANG_WARN_RANGE_LOOP_ANALYSIS = YES;
				CLANG_WARN_STRICT_PROTOTYPES = YES;
				CLANG_WARN_SUSPICIOUS_MOVE = YES;
				CLANG_WARN_UNGUARDED_AVAILABILITY = YES_AGGRESSIVE;
				CLANG_WARN_UNREACHABLE_CODE = YES;
				CLANG_WARN__DUPLICATE_METHOD_MATCH = YES;
				COPY_PHASE_STRIP = NO;
				DEBUG_INFORMATION_FORMAT = dwarf;
				ENABLE_STRICT_OBJC_MSGSEND = YES;
				ENABLE_TESTABILITY = YES;
				ENABLE_USER_SCRIPT_SANDBOXING = YES;
				GCC_C_LANGUAGE_STANDARD = gnu17;
				GCC_DYNAMIC_NO_PIC = NO;
				GCC_NO_COMMON_BLOCKS = YES;
				GCC_OPTIMIZATION_LEVEL = 0;
				GCC_PREPROCESSOR_DEFINITIONS = (
					"DEBUG=1",
					"$(inherited)",
				);
				GCC_WARN_64_TO_32_BIT_CONVERSION = YES;
				GCC_WARN_ABOUT_RETURN_TYPE = YES_ERROR;
				GCC_WARN_UNDECLARED_SELECTOR = YES;
				GCC_WARN_UNINITIALIZED_AUTOS = YES_AGGRESSIVE;
				GCC_WARN_UNUSED_FUNCTION = YES;
				GCC_WARN_UNUSED_VARIABLE = YES;
				IPHONEOS_DEPLOYMENT_TARGET = 17.4;
				LOCALIZATION_PREFERS_STRING_CATALOGS = YES;
				MTL_ENABLE_DEBUG_INFO = INCLUDE_SOURCE;
				MTL_FAST_MATH = YES;
				ONLY_ACTIVE_ARCH = YES;
				SDKROOT = iphoneos;
				SWIFT_ACTIVE_COMPILATION_CONDITIONS = "DEBUG $(inherited)";
				SWIFT_OPTIMIZATION_LEVEL = "-Onone";
			};
			name = Debug;
		};
		1161C79F2BCBF2DC00C75AC0 /* Release */ = {
			isa = XCBuildConfiguration;
			buildSettings = {
				ALWAYS_SEARCH_USER_PATHS = NO;
				ASSETCATALOG_COMPILER_GENERATE_SWIFT_ASSET_SYMBOL_EXTENSIONS = YES;
				CLANG_ANALYZER_NONNULL = YES;
				CLANG_ANALYZER_NUMBER_OBJECT_CONVERSION = YES_AGGRESSIVE;
				CLANG_CXX_LANGUAGE_STANDARD = "gnu++20";
				CLANG_ENABLE_MODULES = YES;
				CLANG_ENABLE_OBJC_ARC = YES;
				CLANG_ENABLE_OBJC_WEAK = YES;
				CLANG_WARN_BLOCK_CAPTURE_AUTORELEASING = YES;
				CLANG_WARN_BOOL_CONVERSION = YES;
				CLANG_WARN_COMMA = YES;
				CLANG_WARN_CONSTANT_CONVERSION = YES;
				CLANG_WARN_DEPRECATED_OBJC_IMPLEMENTATIONS = YES;
				CLANG_WARN_DIRECT_OBJC_ISA_USAGE = YES_ERROR;
				CLANG_WARN_DOCUMENTATION_COMMENTS = YES;
				CLANG_WARN_EMPTY_BODY = YES;
				CLANG_WARN_ENUM_CONVERSION = YES;
				CLANG_WARN_INFINITE_RECURSION = YES;
				CLANG_WARN_INT_CONVERSION = YES;
				CLANG_WARN_NON_LITERAL_NULL_CONVERSION = YES;
				CLANG_WARN_OBJC_IMPLICIT_RETAIN_SELF = YES;
				CLANG_WARN_OBJC_LITERAL_CONVERSION = YES;
				CLANG_WARN_OBJC_ROOT_CLASS = YES_ERROR;
				CLANG_WARN_QUOTED_INCLUDE_IN_FRAMEWORK_HEADER = YES;
				CLANG_WARN_RANGE_LOOP_ANALYSIS = YES;
				CLANG_WARN_STRICT_PROTOTYPES = YES;
				CLANG_WARN_SUSPICIOUS_MOVE = YES;
				CLANG_WARN_UNGUARDED_AVAILABILITY = YES_AGGRESSIVE;
				CLANG_WARN_UNREACHABLE_CODE = YES;
				CLANG_WARN__DUPLICATE_METHOD_MATCH = YES;
				COPY_PHASE_STRIP = NO;
				DEBUG_INFORMATION_FORMAT = "dwarf-with-dsym";
				ENABLE_NS_ASSERTIONS = NO;
				ENABLE_STRICT_OBJC_MSGSEND = YES;
				ENABLE_USER_SCRIPT_SANDBOXING = YES;
				GCC_C_LANGUAGE_STANDARD = gnu17;
				GCC_NO_COMMON_BLOCKS = YES;
				GCC_WARN_64_TO_32_BIT_CONVERSION = YES;
				GCC_WARN_ABOUT_RETURN_TYPE = YES_ERROR;
				GCC_WARN_UNDECLARED_SELECTOR = YES;
				GCC_WARN_UNINITIALIZED_AUTOS = YES_AGGRESSIVE;
				GCC_WARN_UNUSED_FUNCTION = YES;
				GCC_WARN_UNUSED_VARIABLE = YES;
				IPHONEOS_DEPLOYMENT_TARGET = 17.4;
				LOCALIZATION_PREFERS_STRING_CATALOGS = YES;
				MTL_ENABLE_DEBUG_INFO = NO;
				MTL_FAST_MATH = YES;
				SDKROOT = iphoneos;
				SWIFT_COMPILATION_MODE = wholemodule;
				VALIDATE_PRODUCT = YES;
			};
			name = Release;
		};
		1161C7A12BCBF2DC00C75AC0 /* Debug */ = {
			isa = XCBuildConfiguration;
			buildSettings = {
				ASSETCATALOG_COMPILER_APPICON_NAME = AppIcon;
				ASSETCATALOG_COMPILER_GLOBAL_ACCENT_COLOR_NAME = AccentColor;
				CODE_SIGN_STYLE = Automatic;
				CURRENT_PROJECT_VERSION = 1;
				GENERATE_INFOPLIST_FILE = YES;
				INFOPLIST_FILE = fsdafsad/Info.plist;
				INFOPLIST_KEY_UIApplicationSupportsIndirectInputEvents = YES;
				INFOPLIST_KEY_UILaunchStoryboardName = LaunchScreen;
				INFOPLIST_KEY_UIMainStoryboardFile = Main;
				INFOPLIST_KEY_UISupportedInterfaceOrientations_iPad = "UIInterfaceOrientationPortrait UIInterfaceOrientationPortraitUpsideDown UIInterfaceOrientationLandscapeLeft UIInterfaceOrientationLandscapeRight";
				INFOPLIST_KEY_UISupportedInterfaceOrientations_iPhone = "UIInterfaceOrientationPortrait UIInterfaceOrientationLandscapeLeft UIInterfaceOrientationLandscapeRight";
				LD_RUNPATH_SEARCH_PATHS = (
					"$(inherited)",
					"@executable_path/Frameworks",
				);
				MARKETING_VERSION = 1.0;
				PRODUCT_BUNDLE_IDENTIFIER = YJ.fsdafsad;
				PRODUCT_NAME = "$(TARGET_NAME)";
				SWIFT_EMIT_LOC_STRINGS = YES;
				SWIFT_VERSION = 5.0;
				TARGETED_DEVICE_FAMILY = "1,2";
			};
			name = Debug;
		};
		1161C7A22BCBF2DC00C75AC0 /* Release */ = {
			isa = XCBuildConfiguration;
			buildSettings = {
				ASSETCATALOG_COMPILER_APPICON_NAME = AppIcon;
				ASSETCATALOG_COMPILER_GLOBAL_ACCENT_COLOR_NAME = AccentColor;
				CODE_SIGN_STYLE = Automatic;
				CURRENT_PROJECT_VERSION = 1;
				GENERATE_INFOPLIST_FILE = YES;
				INFOPLIST_FILE = fsdafsad/Info.plist;
				INFOPLIST_KEY_UIApplicationSupportsIndirectInputEvents = YES;
				INFOPLIST_KEY_UILaunchStoryboardName = LaunchScreen;
				INFOPLIST_KEY_UIMainStoryboardFile = Main;
				INFOPLIST_KEY_UISupportedInterfaceOrientations_iPad = "UIInterfaceOrientationPortrait UIInterfaceOrientationPortraitUpsideDown UIInterfaceOrientationLandscapeLeft UIInterfaceOrientationLandscapeRight";
				INFOPLIST_KEY_UISupportedInterfaceOrientations_iPhone = "UIInterfaceOrientationPortrait UIInterfaceOrientationLandscapeLeft UIInterfaceOrientationLandscapeRight";
				LD_RUNPATH_SEARCH_PATHS = (
					"$(inherited)",
					"@executable_path/Frameworks",
				);
				MARKETING_VERSION = 1.0;
				PRODUCT_BUNDLE_IDENTIFIER = YJ.fsdafsad;
				PRODUCT_NAME = "$(TARGET_NAME)";
				SWIFT_EMIT_LOC_STRINGS = YES;
				SWIFT_VERSION = 5.0;
				TARGETED_DEVICE_FAMILY = "1,2";
			};
			name = Release;
		};
		1161C7A42BCBF2DC00C75AC0 /* Debug */ = {
			isa = XCBuildConfiguration;
			buildSettings = {
				ALWAYS_EMBED_SWIFT_STANDARD_LIBRARIES = YES;
				BUNDLE_LOADER = "$(TEST_HOST)";
				CODE_SIGN_STYLE = Automatic;
				CURRENT_PROJECT_VERSION = 1;
				GENERATE_INFOPLIST_FILE = YES;
				IPHONEOS_DEPLOYMENT_TARGET = 17.4;
				MARKETING_VERSION = 1.0;
				PRODUCT_BUNDLE_IDENTIFIER = YJ.fsdafsadTests;
				PRODUCT_NAME = "$(TARGET_NAME)";
				SWIFT_EMIT_LOC_STRINGS = NO;
				SWIFT_VERSION = 5.0;
				TARGETED_DEVICE_FAMILY = "1,2";
				TEST_HOST = "$(BUILT_PRODUCTS_DIR)/fsdafsad.app/$(BUNDLE_EXECUTABLE_FOLDER_PATH)/fsdafsad";
			};
			name = Debug;
		};
		1161C7A52BCBF2DC00C75AC0 /* Release */ = {
			isa = XCBuildConfiguration;
			buildSettings = {
				ALWAYS_EMBED_SWIFT_STANDARD_LIBRARIES = YES;
				BUNDLE_LOADER = "$(TEST_HOST)";
				CODE_SIGN_STYLE = Automatic;
				CURRENT_PROJECT_VERSION = 1;
				GENERATE_INFOPLIST_FILE = YES;
				IPHONEOS_DEPLOYMENT_TARGET = 17.4;
				MARKETING_VERSION = 1.0;
				PRODUCT_BUNDLE_IDENTIFIER = YJ.fsdafsadTests;
				PRODUCT_NAME = "$(TARGET_NAME)";
				SWIFT_EMIT_LOC_STRINGS = NO;
				SWIFT_VERSION = 5.0;
				TARGETED_DEVICE_FAMILY = "1,2";
				TEST_HOST = "$(BUILT_PRODUCTS_DIR)/fsdafsad.app/$(BUNDLE_EXECUTABLE_FOLDER_PATH)/fsdafsad";
			};
			name = Release;
		};
		1161C7A72BCBF2DC00C75AC0 /* Debug */ = {
			isa = XCBuildConfiguration;
			buildSettings = {
				ALWAYS_EMBED_SWIFT_STANDARD_LIBRARIES = YES;
				CODE_SIGN_STYLE = Automatic;
				CURRENT_PROJECT_VERSION = 1;
				GENERATE_INFOPLIST_FILE = YES;
				MARKETING_VERSION = 1.0;
				PRODUCT_BUNDLE_IDENTIFIER = YJ.fsdafsadUITests;
				PRODUCT_NAME = "$(TARGET_NAME)";
				SWIFT_EMIT_LOC_STRINGS = NO;
				SWIFT_VERSION = 5.0;
				TARGETED_DEVICE_FAMILY = "1,2";
				TEST_TARGET_NAME = fsdafsad;
			};
			name = Debug;
		};
		1161C7A82BCBF2DC00C75AC0 /* Release */ = {
			isa = XCBuildConfiguration;
			buildSettings = {
				ALWAYS_EMBED_SWIFT_STANDARD_LIBRARIES = YES;
				CODE_SIGN_STYLE = Automatic;
				CURRENT_PROJECT_VERSION = 1;
				GENERATE_INFOPLIST_FILE = YES;
				MARKETING_VERSION = 1.0;
				PRODUCT_BUNDLE_IDENTIFIER = YJ.fsdafsadUITests;
				PRODUCT_NAME = "$(TARGET_NAME)";
				SWIFT_EMIT_LOC_STRINGS = NO;
				SWIFT_VERSION = 5.0;
				TARGETED_DEVICE_FAMILY = "1,2";
				TEST_TARGET_NAME = fsdafsad;
			};
			name = Release;
		};
/* End XCBuildConfiguration section */

/* Begin XCConfigurationList section */
		1161C7712BCBF2DB00C75AC0 /* Build configuration list for PBXProject "fsdafsad" */ = {
			isa = XCConfigurationList;
			buildConfigurations = (
				1161C79E2BCBF2DC00C75AC0 /* Debug */,
				1161C79F2BCBF2DC00C75AC0 /* Release */,
			);
			defaultConfigurationIsVisible = 0;
			defaultConfigurationName = Release;
		};
		1161C7A02BCBF2DC00C75AC0 /* Build configuration list for PBXNativeTarget "fsdafsad" */ = {
			isa = XCConfigurationList;
			buildConfigurations = (
				1161C7A12BCBF2DC00C75AC0 /* Debug */,
				1161C7A22BCBF2DC00C75AC0 /* Release */,
			);
			defaultConfigurationIsVisible = 0;
			defaultConfigurationName = Release;
		};
		1161C7A32BCBF2DC00C75AC0 /* Build configuration list for PBXNativeTarget "fsdafsadTests" */ = {
			isa = XCConfigurationList;
			buildConfigurations = (
				1161C7A42BCBF2DC00C75AC0 /* Debug */,
				1161C7A52BCBF2DC00C75AC0 /* Release */,
			);
			defaultConfigurationIsVisible = 0;
			defaultConfigurationName = Release;
		};
		1161C7A62BCBF2DC00C75AC0 /* Build configuration list for PBXNativeTarget "fsdafsadUITests" */ = {
			isa = XCConfigurationList;
			buildConfigurations = (
				1161C7A72BCBF2DC00C75AC0 /* Debug */,
				1161C7A82BCBF2DC00C75AC0 /* Release */,
			);
			defaultConfigurationIsVisible = 0;
			defaultConfigurationName = Release;
		};
/* End XCConfigurationList section */
	};
	rootObject = 1161C76E2BCBF2DB00C75AC0 /* Project object */;
}
